
Microsoft Visual Studio Solution File, Format Version 12.00
# Visual Studio Version 16
VisualStudioVersion = 16.0.30717.126
MinimumVisualStudioVersion = 10.0.40219.1
Project("{8BC9CEB8-8B4A-11D0-8D11-00A0C91BC942}") = "AntiDebugSoftwareBreakpoint", "AntiDebugSoftwareBreakpoint\AntiDebugSoftwareBreakpoint.vcxproj", "{EB870F0D-7C85-45DB-A6D7-9D7F7870FF3C}"
EndProject
Global
	GlobalSection(SolutionConfigurationPlatforms) = preSolution
		Debug|x64 = Debug|x64
		Debug|x86 = Debug|x86
		Release|x64 = Release|x64
		Release|x86 = Release|x86
	EndGlobalSection
	GlobalSection(ProjectConfigurationPlatforms) = postSolution
		{EB870F0D-7C85-45DB-A6D7-9D7F7870FF3C}.Debug|x64.ActiveCfg = Debug|x64
		{EB870F0D-7C85-45DB-A6D7-9D7F7870FF3C}.Debug|x64.Build.0 = Debug|x64
		{EB870F0D-7C85-45DB-A6D7-9D7F7870FF3C}.Debug|x86.ActiveCfg = Debug|Win32
		{EB870F0D-7C85-45DB-A6D7-9D7F7870FF3C}.Debug|x86.Build.0 = Debug|Win32
		{EB870F0D-7C85-45DB-A6D7-9D7F7870FF3C}.Release|x64.ActiveCfg = Release|x64
		{EB870F0D-7C85-45DB-A6D7-9D7F7870FF3C}.Release|x64.Build.0 = Release|x64
		{EB870F0D-7C85-45DB-A6D7-9D7F7870FF3C}.Release|x86.ActiveCfg = Release|Win32
		{EB870F0D-7C85-45DB-A6D7-9D7F7870FF3C}.Release|x86.Build.0 = Release|Win32
	EndGlobalSection
	GlobalSection(SolutionProperties) = preSolution
		HideSolutionNode = FALSE
	EndGlobalSection
	GlobalSection(ExtensibilityGlobals) = postSolution
		SolutionGuid = {C4B0B497-4AC0-4D9E-98D3-5BA9B2BE3905}
	EndGlobalSection
EndGlobal
