
Microsoft Visual Studio Solution File, Format Version 12.00
# Visual Studio Version 16
VisualStudioVersion = 16.0.30717.126
MinimumVisualStudioVersion = 10.0.40219.1
Project("{8BC9CEB8-8B4A-11D0-8D11-00A0C91BC942}") = "ShellcodeLoaderCreateThreadpoolWait", "ShellcodeLoaderCreateThreadpoolWait\ShellcodeLoaderCreateThreadpoolWait.vcxproj", "{45FC104C-E194-4AFE-AC7C-91404EC9B520}"
EndProject
Global
	GlobalSection(SolutionConfigurationPlatforms) = preSolution
		Debug|x64 = Debug|x64
		Debug|x86 = Debug|x86
		Release|x64 = Release|x64
		Release|x86 = Release|x86
	EndGlobalSection
	GlobalSection(ProjectConfigurationPlatforms) = postSolution
		{45FC104C-E194-4AFE-AC7C-91404EC9B520}.Debug|x64.ActiveCfg = Debug|x64
		{45FC104C-E194-4AFE-AC7C-91404EC9B520}.Debug|x64.Build.0 = Debug|x64
		{45FC104C-E194-4AFE-AC7C-91404EC9B520}.Debug|x86.ActiveCfg = Debug|Win32
		{45FC104C-E194-4AFE-AC7C-91404EC9B520}.Debug|x86.Build.0 = Debug|Win32
		{45FC104C-E194-4AFE-AC7C-91404EC9B520}.Release|x64.ActiveCfg = Release|x64
		{45FC104C-E194-4AFE-AC7C-91404EC9B520}.Release|x64.Build.0 = Release|x64
		{45FC104C-E194-4AFE-AC7C-91404EC9B520}.Release|x86.ActiveCfg = Release|Win32
		{45FC104C-E194-4AFE-AC7C-91404EC9B520}.Release|x86.Build.0 = Release|Win32
	EndGlobalSection
	GlobalSection(SolutionProperties) = preSolution
		HideSolutionNode = FALSE
	EndGlobalSection
	GlobalSection(ExtensibilityGlobals) = postSolution
		SolutionGuid = {2CD934BA-C120-4018-8109-57958F837BA9}
	EndGlobalSection
EndGlobal
